// !$*UTF8*$!
{
	archiveVersion = 1;
	classes = {
	};
	objectVersion = 50;
	objects = {

/* Begin PBXBuildFile section */
		3C8D766A20B7A5960011D1BA /* AppDelegate.m in Sources */ = {isa = PBXBuildFile; fileRef = 3C8D766920B7A5960011D1BA /* AppDelegate.m */; };
		3C8D767220B7A5960011D1BA /* Assets.xcassets in Resources */ = {isa = PBXBuildFile; fileRef = 3C8D767120B7A5960011D1BA /* Assets.xcassets */; };
		3C8D767520B7A5960011D1BA /* LaunchScreen.storyboard in Resources */ = {isa = PBXBuildFile; fileRef = 3C8D767320B7A5960011D1BA /* LaunchScreen.storyboard */; };
		3C8D767820B7A5960011D1BA /* main.m in Sources */ = {isa = PBXBuildFile; fileRef = 3C8D767720B7A5960011D1BA /* main.m */; };
		3C8D768220B7A5960011D1BA /* ShellKitDemoTests.m in Sources */ = {isa = PBXBuildFile; fileRef = 3C8D768120B7A5960011D1BA /* ShellKitDemoTests.m */; };
		3C8D768D20B7A5960011D1BA /* ShellKitDemoUITests.m in Sources */ = {isa = PBXBuildFile; fileRef = 3C8D768C20B7A5960011D1BA /* ShellKitDemoUITests.m */; };
		3C8D769D20B7A64F0011D1BA /* ShellKitSelectTableView.m in Sources */ = {isa = PBXBuildFile; fileRef = 3C8D769C20B7A64F0011D1BA /* ShellKitSelectTableView.m */; };
		3C8D76A120B7A6A20011D1BA /* ShellKitSelectTableViewDataSource.m in Sources */ = {isa = PBXBuildFile; fileRef = 3C8D76A020B7A6A20011D1BA /* ShellKitSelectTableViewDataSource.m */; };
		3C8D76A820BB9B960011D1BA /* ShellKitTableViewCellModel.m in Sources */ = {isa = PBXBuildFile; fileRef = 3C8D76A720BB9B960011D1BA /* ShellKitTableViewCellModel.m */; };
		3C8D76AC20BBB1D30011D1BA /* ViewController.m in Sources */ = {isa = PBXBuildFile; fileRef = 3C8D76AA20BBB1D30011D1BA /* ViewController.m */; };
		3C8D76AD20BBB1D30011D1BA /* ViewController.xib in Resources */ = {isa = PBXBuildFile; fileRef = 3C8D76AB20BBB1D30011D1BA /* ViewController.xib */; };
		3C8D76B220BBB8860011D1BA /* SheKitDefaultTableViewCell.m in Sources */ = {isa = PBXBuildFile; fileRef = 3C8D76B020BBB8860011D1BA /* SheKitDefaultTableViewCell.m */; };
		3C8D76B320BBB8860011D1BA /* SheKitDefaultTableViewCell.xib in Resources */ = {isa = PBXBuildFile; fileRef = 3C8D76B120BBB8860011D1BA /* SheKitDefaultTableViewCell.xib */; };
		3C8D76BA20BC06540011D1BA /* ShellKitSectionModel.m in Sources */ = {isa = PBXBuildFile; fileRef = 3C8D76B920BC06540011D1BA /* ShellKitSectionModel.m */; };
		3C8D76BD20BCF4BA0011D1BA /* SheKitSectionHeadView.m in Sources */ = {isa = PBXBuildFile; fileRef = 3C8D76BC20BCF4BA0011D1BA /* SheKitSectionHeadView.m */; };
		3C8D76C520BD31370011D1BA /* SheKitSectionHeadView.xib in Resources */ = {isa = PBXBuildFile; fileRef = 3C8D76C420BD31370011D1BA /* SheKitSectionHeadView.xib */; };
		3C8D76CB20BD573E0011D1BA /* ShellKitBundle.bundle in Resources */ = {isa = PBXBuildFile; fileRef = 3C8D76CA20BD573E0011D1BA /* ShellKitBundle.bundle */; };
		A8D76B804040C3B6533BD0DF /* libPods-ShellKitDemo.a in Frameworks */ = {isa = PBXBuildFile; fileRef = 4028C7FF77D61F9F976A4B4D /* libPods-ShellKitDemo.a */; };
/* End PBXBuildFile section */

/* Begin PBXContainerItemProxy section */
		3C8D767E20B7A5960011D1BA /* PBXContainerItemProxy */ = {
			isa = PBXContainerItemProxy;
			containerPortal = 3C8D765D20B7A5950011D1BA /* Project object */;
			proxyType = 1;
			remoteGlobalIDString = 3C8D766420B7A5950011D1BA;
			remoteInfo = ShellKitDemo;
		};
		3C8D768920B7A5960011D1BA /* PBXContainerItemProxy */ = {
			isa = PBXContainerItemProxy;
			containerPortal = 3C8D765D20B7A5950011D1BA /* Project object */;
			proxyType = 1;
			remoteGlobalIDString = 3C8D766420B7A5950011D1BA;
			remoteInfo = ShellKitDemo;
		};
/* End PBXContainerItemProxy section */

/* Begin PBXFileReference section */
		3C8D766520B7A5950011D1BA /* ShellKitDemo.app */ = {isa = PBXFileReference; explicitFileType = wrapper.application; includeInIndex = 0; path = ShellKitDemo.app; sourceTree = BUILT_PRODUCTS_DIR; };
		3C8D766820B7A5950011D1BA /* AppDelegate.h */ = {isa = PBXFileReference; lastKnownFileType = sourcecode.c.h; path = AppDelegate.h; sourceTree = "<group>"; };
		3C8D766920B7A5960011D1BA /* AppDelegate.m */ = {isa = PBXFileReference; lastKnownFileType = sourcecode.c.objc; path = AppDelegate.m; sourceTree = "<group>"; };
		3C8D767120B7A5960011D1BA /* Assets.xcassets */ = {isa = PBXFileReference; lastKnownFileType = folder.assetcatalog; path = Assets.xcassets; sourceTree = "<group>"; };
		3C8D767420B7A5960011D1BA /* Base */ = {isa = PBXFileReference; lastKnownFileType = file.storyboard; name = Base; path = Base.lproj/LaunchScreen.storyboard; sourceTree = "<group>"; };
		3C8D767620B7A5960011D1BA /* Info.plist */ = {isa = PBXFileReference; lastKnownFileType = text.plist.xml; path = Info.plist; sourceTree = "<group>"; };
		3C8D767720B7A5960011D1BA /* main.m */ = {isa = PBXFileReference; lastKnownFileType = sourcecode.c.objc; path = main.m; sourceTree = "<group>"; };
		3C8D767D20B7A5960011D1BA /* ShellKitDemoTests.xctest */ = {isa = PBXFileReference; explicitFileType = wrapper.cfbundle; includeInIndex = 0; path = ShellKitDemoTests.xctest; sourceTree = BUILT_PRODUCTS_DIR; };
		3C8D768120B7A5960011D1BA /* ShellKitDemoTests.m */ = {isa = PBXFileReference; lastKnownFileType = sourcecode.c.objc; path = ShellKitDemoTests.m; sourceTree = "<group>"; };
		3C8D768320B7A5960011D1BA /* Info.plist */ = {isa = PBXFileReference; lastKnownFileType = text.plist.xml; path = Info.plist; sourceTree = "<group>"; };
		3C8D768820B7A5960011D1BA /* ShellKitDemoUITests.xctest */ = {isa = PBXFileReference; explicitFileType = wrapper.cfbundle; includeInIndex = 0; path = ShellKitDemoUITests.xctest; sourceTree = BUILT_PRODUCTS_DIR; };
		3C8D768C20B7A5960011D1BA /* ShellKitDemoUITests.m */ = {isa = PBXFileReference; lastKnownFileType = sourcecode.c.objc; path = ShellKitDemoUITests.m; sourceTree = "<group>"; };
		3C8D768E20B7A5960011D1BA /* Info.plist */ = {isa = PBXFileReference; lastKnownFileType = text.plist.xml; path = Info.plist; sourceTree = "<group>"; };
		3C8D769B20B7A64F0011D1BA /* ShellKitSelectTableView.h */ = {isa = PBXFileReference; lastKnownFileType = sourcecode.c.h; path = ShellKitSelectTableView.h; sourceTree = "<group>"; };
		3C8D769C20B7A64F0011D1BA /* ShellKitSelectTableView.m */ = {isa = PBXFileReference; lastKnownFileType = sourcecode.c.objc; path = ShellKitSelectTableView.m; sourceTree = "<group>"; };
		3C8D769F20B7A6A20011D1BA /* ShellKitSelectTableViewDataSource.h */ = {isa = PBXFileReference; lastKnownFileType = sourcecode.c.h; path = ShellKitSelectTableViewDataSource.h; sourceTree = "<group>"; };
		3C8D76A020B7A6A20011D1BA /* ShellKitSelectTableViewDataSource.m */ = {isa = PBXFileReference; lastKnownFileType = sourcecode.c.objc; path = ShellKitSelectTableViewDataSource.m; sourceTree = "<group>"; };
		3C8D76A620BB9B960011D1BA /* ShellKitTableViewCellModel.h */ = {isa = PBXFileReference; lastKnownFileType = sourcecode.c.h; path = ShellKitTableViewCellModel.h; sourceTree = "<group>"; };
		3C8D76A720BB9B960011D1BA /* ShellKitTableViewCellModel.m */ = {isa = PBXFileReference; lastKnownFileType = sourcecode.c.objc; path = ShellKitTableViewCellModel.m; sourceTree = "<group>"; };
		3C8D76A920BBB1D30011D1BA /* ViewController.h */ = {isa = PBXFileReference; lastKnownFileType = sourcecode.c.h; path = ViewController.h; sourceTree = "<group>"; };
		3C8D76AA20BBB1D30011D1BA /* ViewController.m */ = {isa = PBXFileReference; lastKnownFileType = sourcecode.c.objc; path = ViewController.m; sourceTree = "<group>"; };
		3C8D76AB20BBB1D30011D1BA /* ViewController.xib */ = {isa = PBXFileReference; lastKnownFileType = file.xib; path = ViewController.xib; sourceTree = "<group>"; };
		3C8D76AF20BBB8860011D1BA /* SheKitDefaultTableViewCell.h */ = {isa = PBXFileReference; lastKnownFileType = sourcecode.c.h; path = SheKitDefaultTableViewCell.h; sourceTree = "<group>"; };
		3C8D76B020BBB8860011D1BA /* SheKitDefaultTableViewCell.m */ = {isa = PBXFileReference; lastKnownFileType = sourcecode.c.objc; path = SheKitDefaultTableViewCell.m; sourceTree = "<group>"; };
		3C8D76B120BBB8860011D1BA /* SheKitDefaultTableViewCell.xib */ = {isa = PBXFileReference; lastKnownFileType = file.xib; path = SheKitDefaultTableViewCell.xib; sourceTree = "<group>"; };
		3C8D76B420BBB9700011D1BA /* SheKit.h */ = {isa = PBXFileReference; lastKnownFileType = sourcecode.c.h; path = SheKit.h; sourceTree = "<group>"; };
		3C8D76B820BC06540011D1BA /* ShellKitSectionModel.h */ = {isa = PBXFileReference; lastKnownFileType = sourcecode.c.h; path = ShellKitSectionModel.h; sourceTree = "<group>"; };
		3C8D76B920BC06540011D1BA /* ShellKitSectionModel.m */ = {isa = PBXFileReference; lastKnownFileType = sourcecode.c.objc; path = ShellKitSectionModel.m; sourceTree = "<group>"; };
		3C8D76BB20BCF4BA0011D1BA /* SheKitSectionHeadView.h */ = {isa = PBXFileReference; lastKnownFileType = sourcecode.c.h; path = SheKitSectionHeadView.h; sourceTree = "<group>"; };
		3C8D76BC20BCF4BA0011D1BA /* SheKitSectionHeadView.m */ = {isa = PBXFileReference; lastKnownFileType = sourcecode.c.objc; path = SheKitSectionHeadView.m; sourceTree = "<group>"; };
		3C8D76C420BD31370011D1BA /* SheKitSectionHeadView.xib */ = {isa = PBXFileReference; lastKnownFileType = file.xib; path = SheKitSectionHeadView.xib; sourceTree = "<group>"; };
		3C8D76CA20BD573E0011D1BA /* ShellKitBundle.bundle */ = {isa = PBXFileReference; lastKnownFileType = "wrapper.plug-in"; path = ShellKitBundle.bundle; sourceTree = "<group>"; };
		4028C7FF77D61F9F976A4B4D /* libPods-ShellKitDemo.a */ = {isa = PBXFileReference; explicitFileType = archive.ar; includeInIndex = 0; path = "libPods-ShellKitDemo.a"; sourceTree = BUILT_PRODUCTS_DIR; };
		6FDD08A76660F07E0D562014 /* Pods-ShellKitDemo.debug.xcconfig */ = {isa = PBXFileReference; includeInIndex = 1; lastKnownFileType = text.xcconfig; name = "Pods-ShellKitDemo.debug.xcconfig"; path = "Pods/Target Support Files/Pods-ShellKitDemo/Pods-ShellKitDemo.debug.xcconfig"; sourceTree = "<group>"; };
		FD3ED16284D6E3ABD5E1F198 /* Pods-ShellKitDemo.release.xcconfig */ = {isa = PBXFileReference; includeInIndex = 1; lastKnownFileType = text.xcconfig; name = "Pods-ShellKitDemo.release.xcconfig"; path = "Pods/Target Support Files/Pods-ShellKitDemo/Pods-ShellKitDemo.release.xcconfig"; sourceTree = "<group>"; };
/* End PBXFileReference section */

/* Begin PBXFrameworksBuildPhase section */
		3C8D766220B7A5950011D1BA /* Frameworks */ = {
			isa = PBXFrameworksBuildPhase;
			buildActionMask = 2147483647;
			files = (
				A8D76B804040C3B6533BD0DF /* libPods-ShellKitDemo.a in Frameworks */,
			);
			runOnlyForDeploymentPostprocessing = 0;
		};
		3C8D767A20B7A5960011D1BA /* Frameworks */ = {
			isa = PBXFrameworksBuildPhase;
			buildActionMask = 2147483647;
			files = (
			);
			runOnlyForDeploymentPostprocessing = 0;
		};
		3C8D768520B7A5960011D1BA /* Frameworks */ = {
			isa = PBXFrameworksBuildPhase;
			buildActionMask = 2147483647;
			files = (
			);
			runOnlyForDeploymentPostprocessing = 0;
		};
/* End PBXFrameworksBuildPhase section */

/* Begin PBXGroup section */
		3C8D765C20B7A5950011D1BA = {
			isa = PBXGroup;
			children = (
				3C8D766720B7A5950011D1BA /* ShellKitDemo */,
				3C8D768020B7A5960011D1BA /* ShellKitDemoTests */,
				3C8D768B20B7A5960011D1BA /* ShellKitDemoUITests */,
				3C8D766620B7A5950011D1BA /* Products */,
				836E9CCFD41AA94B24038F43 /* Pods */,
				5A6396038188B942F87B1D10 /* Frameworks */,
			);
			sourceTree = "<group>";
		};
		3C8D766620B7A5950011D1BA /* Products */ = {
			isa = PBXGroup;
			children = (
				3C8D766520B7A5950011D1BA /* ShellKitDemo.app */,
				3C8D767D20B7A5960011D1BA /* ShellKitDemoTests.xctest */,
				3C8D768820B7A5960011D1BA /* ShellKitDemoUITests.xctest */,
			);
			name = Products;
			sourceTree = "<group>";
		};
		3C8D766720B7A5950011D1BA /* ShellKitDemo */ = {
			isa = PBXGroup;
			children = (
				3C8D769A20B7A5AF0011D1BA /* ShellKit */,
				3C8D766820B7A5950011D1BA /* AppDelegate.h */,
				3C8D766920B7A5960011D1BA /* AppDelegate.m */,
				3C8D767120B7A5960011D1BA /* Assets.xcassets */,
				3C8D767320B7A5960011D1BA /* LaunchScreen.storyboard */,
				3C8D767620B7A5960011D1BA /* Info.plist */,
				3C8D767720B7A5960011D1BA /* main.m */,
				3C8D76A920BBB1D30011D1BA /* ViewController.h */,
				3C8D76AA20BBB1D30011D1BA /* ViewController.m */,
				3C8D76AB20BBB1D30011D1BA /* ViewController.xib */,
			);
			path = ShellKitDemo;
			sourceTree = "<group>";
		};
		3C8D768020B7A5960011D1BA /* ShellKitDemoTests */ = {
			isa = PBXGroup;
			children = (
				3C8D768120B7A5960011D1BA /* ShellKitDemoTests.m */,
				3C8D768320B7A5960011D1BA /* Info.plist */,
			);
			path = ShellKitDemoTests;
			sourceTree = "<group>";
		};
		3C8D768B20B7A5960011D1BA /* ShellKitDemoUITests */ = {
			isa = PBXGroup;
			children = (
				3C8D768C20B7A5960011D1BA /* ShellKitDemoUITests.m */,
				3C8D768E20B7A5960011D1BA /* Info.plist */,
			);
			path = ShellKitDemoUITests;
			sourceTree = "<group>";
		};
		3C8D769A20B7A5AF0011D1BA /* ShellKit */ = {
			isa = PBXGroup;
			children = (
				3C8D76CA20BD573E0011D1BA /* ShellKitBundle.bundle */,
				3C8D76B420BBB9700011D1BA /* SheKit.h */,
				3C8D76AE20BBB6F30011D1BA /* DemoView */,
				3C8D76A220BB9AFE0011D1BA /* Public */,
				3C8D769E20B7A6610011D1BA /* ShellKitSelectTableView */,
			);
			path = ShellKit;
			sourceTree = "<group>";
		};
		3C8D769E20B7A6610011D1BA /* ShellKitSelectTableView */ = {
			isa = PBXGroup;
			children = (
				3C8D769B20B7A64F0011D1BA /* ShellKitSelectTableView.h */,
				3C8D769C20B7A64F0011D1BA /* ShellKitSelectTableView.m */,
				3C8D769F20B7A6A20011D1BA /* ShellKitSelectTableViewDataSource.h */,
				3C8D76A020B7A6A20011D1BA /* ShellKitSelectTableViewDataSource.m */,
			);
			path = ShellKitSelectTableView;
			sourceTree = "<group>";
		};
		3C8D76A220BB9AFE0011D1BA /* Public */ = {
			isa = PBXGroup;
			children = (
				3C8D76A620BB9B960011D1BA /* ShellKitTableViewCellModel.h */,
				3C8D76A720BB9B960011D1BA /* ShellKitTableViewCellModel.m */,
				3C8D76B820BC06540011D1BA /* ShellKitSectionModel.h */,
				3C8D76B920BC06540011D1BA /* ShellKitSectionModel.m */,
			);
			path = Public;
			sourceTree = "<group>";
		};
		3C8D76AE20BBB6F30011D1BA /* DemoView */ = {
			isa = PBXGroup;
			children = (
				3C8D76AF20BBB8860011D1BA /* SheKitDefaultTableViewCell.h */,
				3C8D76B020BBB8860011D1BA /* SheKitDefaultTableViewCell.m */,
				3C8D76B120BBB8860011D1BA /* SheKitDefaultTableViewCell.xib */,
				3C8D76BB20BCF4BA0011D1BA /* SheKitSectionHeadView.h */,
				3C8D76BC20BCF4BA0011D1BA /* SheKitSectionHeadView.m */,
				3C8D76C420BD31370011D1BA /* SheKitSectionHeadView.xib */,
			);
			path = DemoView;
			sourceTree = "<group>";
		};
		5A6396038188B942F87B1D10 /* Frameworks */ = {
			isa = PBXGroup;
			children = (
				4028C7FF77D61F9F976A4B4D /* libPods-ShellKitDemo.a */,
			);
			name = Frameworks;
			sourceTree = "<group>";
		};
		836E9CCFD41AA94B24038F43 /* Pods */ = {
			isa = PBXGroup;
			children = (
				6FDD08A76660F07E0D562014 /* Pods-ShellKitDemo.debug.xcconfig */,
				FD3ED16284D6E3ABD5E1F198 /* Pods-ShellKitDemo.release.xcconfig */,
			);
			name = Pods;
			sourceTree = "<group>";
		};
/* End PBXGroup section */

/* Begin PBXNativeTarget section */
		3C8D766420B7A5950011D1BA /* ShellKitDemo */ = {
			isa = PBXNativeTarget;
			buildConfigurationList = 3C8D769120B7A5960011D1BA /* Build configuration list for PBXNativeTarget "ShellKitDemo" */;
			buildPhases = (
				37C9FAF8AE624A3A17D9C5B5 /* [CP] Check Pods Manifest.lock */,
				3C8D766120B7A5950011D1BA /* Sources */,
				3C8D766220B7A5950011D1BA /* Frameworks */,
				3C8D766320B7A5950011D1BA /* Resources */,
			);
			buildRules = (
			);
			dependencies = (
			);
			name = ShellKitDemo;
			productName = ShellKitDemo;
			productReference = 3C8D766520B7A5950011D1BA /* ShellKitDemo.app */;
			productType = "com.apple.product-type.application";
		};
		3C8D767C20B7A5960011D1BA /* ShellKitDemoTests */ = {
			isa = PBXNativeTarget;
			buildConfigurationList = 3C8D769420B7A5960011D1BA /* Build configuration list for PBXNativeTarget "ShellKitDemoTests" */;
			buildPhases = (
				3C8D767920B7A5960011D1BA /* Sources */,
				3C8D767A20B7A5960011D1BA /* Frameworks */,
				3C8D767B20B7A5960011D1BA /* Resources */,
			);
			buildRules = (
			);
			dependencies = (
				3C8D767F20B7A5960011D1BA /* PBXTargetDependency */,
			);
			name = ShellKitDemoTests;
			productName = ShellKitDemoTests;
			productReference = 3C8D767D20B7A5960011D1BA /* ShellKitDemoTests.xctest */;
			productType = "com.apple.product-type.bundle.unit-test";
		};
		3C8D768720B7A5960011D1BA /* ShellKitDemoUITests */ = {
			isa = PBXNativeTarget;
			buildConfigurationList = 3C8D769720B7A5960011D1BA /* Build configuration list for PBXNativeTarget "ShellKitDemoUITests" */;
			buildPhases = (
				3C8D768420B7A5960011D1BA /* Sources */,
				3C8D768520B7A5960011D1BA /* Frameworks */,
				3C8D768620B7A5960011D1BA /* Resources */,
			);
			buildRules = (
			);
			dependencies = (
				3C8D768A20B7A5960011D1BA /* PBXTargetDependency */,
			);
			name = ShellKitDemoUITests;
			productName = ShellKitDemoUITests;
			productReference = 3C8D768820B7A5960011D1BA /* ShellKitDemoUITests.xctest */;
			productType = "com.apple.product-type.bundle.ui-testing";
		};
/* End PBXNativeTarget section */

/* Begin PBXProject section */
		3C8D765D20B7A5950011D1BA /* Project object */ = {
			isa = PBXProject;
			attributes = {
				LastUpgradeCheck = 0930;
				ORGANIZATIONNAME = jimi;
				TargetAttributes = {
					3C8D766420B7A5950011D1BA = {
						CreatedOnToolsVersion = 9.3.1;
					};
					3C8D767C20B7A5960011D1BA = {
						CreatedOnToolsVersion = 9.3.1;
						TestTargetID = 3C8D766420B7A5950011D1BA;
					};
					3C8D768720B7A5960011D1BA = {
						CreatedOnToolsVersion = 9.3.1;
						TestTargetID = 3C8D766420B7A5950011D1BA;
					};
				};
			};
			buildConfigurationList = 3C8D766020B7A5950011D1BA /* Build configuration list for PBXProject "ShellKitDemo" */;
			compatibilityVersion = "Xcode 9.3";
			developmentRegion = en;
			hasScannedForEncodings = 0;
			knownRegions = (
				en,
				Base,
			);
			mainGroup = 3C8D765C20B7A5950011D1BA;
			productRefGroup = 3C8D766620B7A5950011D1BA /* Products */;
			projectDirPath = "";
			projectRoot = "";
			targets = (
				3C8D766420B7A5950011D1BA /* ShellKitDemo */,
				3C8D767C20B7A5960011D1BA /* ShellKitDemoTests */,
				3C8D768720B7A5960011D1BA /* ShellKitDemoUITests */,
			);
		};
/* End PBXProject section */

/* Begin PBXResourcesBuildPhase section */
		3C8D766320B7A5950011D1BA /* Resources */ = {
			isa = PBXResourcesBuildPhase;
			buildActionMask = 2147483647;
			files = (
				3C8D76C520BD31370011D1BA /* SheKitSectionHeadView.xib in Resources */,
				3C8D767520B7A5960011D1BA /* LaunchScreen.storyboard in Resources */,
				3C8D767220B7A5960011D1BA /* Assets.xcassets in Resources */,
				3C8D76AD20BBB1D30011D1BA /* ViewController.xib in Resources */,
				3C8D76B320BBB8860011D1BA /* SheKitDefaultTableViewCell.xib in Resources */,
				3C8D76CB20BD573E0011D1BA /* ShellKitBundle.bundle in Resources */,
			);
			runOnlyForDeploymentPostprocessing = 0;
		};
		3C8D767B20B7A5960011D1BA /* Resources */ = {
			isa = PBXResourcesBuildPhase;
			buildActionMask = 2147483647;
			files = (
			);
			runOnlyForDeploymentPostprocessing = 0;
		};
		3C8D768620B7A5960011D1BA /* Resources */ = {
			isa = PBXResourcesBuildPhase;
			buildActionMask = 2147483647;
			files = (
			);
			runOnlyForDeploymentPostprocessing = 0;
		};
/* End PBXResourcesBuildPhase section */

/* Begin PBXShellScriptBuildPhase section */
		37C9FAF8AE624A3A17D9C5B5 /* [CP] Check Pods Manifest.lock */ = {
			isa = PBXShellScriptBuildPhase;
			buildActionMask = 2147483647;
			files = (
			);
			inputPaths = (
				"${PODS_PODFILE_DIR_PATH}/Podfile.lock",
				"${PODS_ROOT}/Manifest.lock",
			);
			name = "[CP] Check Pods Manifest.lock";
			outputPaths = (
				"$(DERIVED_FILE_DIR)/Pods-ShellKitDemo-checkManifestLockResult.txt",
			);
			runOnlyForDeploymentPostprocessing = 0;
			shellPath = /bin/sh;
			shellScript = "diff \"${PODS_PODFILE_DIR_PATH}/Podfile.lock\" \"${PODS_ROOT}/Manifest.lock\" > /dev/null\nif [ $? != 0 ] ; then\n    # print error to STDERR\n    echo \"error: The sandbox is not in sync with the Podfile.lock. Run 'pod install' or update your CocoaPods installation.\" >&2\n    exit 1\nfi\n# This output is used by Xcode 'outputs' to avoid re-running this script phase.\necho \"SUCCESS\" > \"${SCRIPT_OUTPUT_FILE_0}\"\n";
			showEnvVarsInLog = 0;
		};
/* End PBXShellScriptBuildPhase section */

/* Begin PBXSourcesBuildPhase section */
		3C8D766120B7A5950011D1BA /* Sources */ = {
			isa = PBXSourcesBuildPhase;
			buildActionMask = 2147483647;
			files = (
				3C8D76BD20BCF4BA0011D1BA /* SheKitSectionHeadView.m in Sources */,
				3C8D76AC20BBB1D30011D1BA /* ViewController.m in Sources */,
				3C8D767820B7A5960011D1BA /* main.m in Sources */,
				3C8D76B220BBB8860011D1BA /* SheKitDefaultTableViewCell.m in Sources */,
				3C8D766A20B7A5960011D1BA /* AppDelegate.m in Sources */,
				3C8D769D20B7A64F0011D1BA /* ShellKitSelectTableView.m in Sources */,
				3C8D76A820BB9B960011D1BA /* ShellKitTableViewCellModel.m in Sources */,
				3C8D76A120B7A6A20011D1BA /* ShellKitSelectTableViewDataSource.m in Sources */,
				3C8D76BA20BC06540011D1BA /* ShellKitSectionModel.m in Sources */,
			);
			runOnlyForDeploymentPostprocessing = 0;
		};
		3C8D767920B7A5960011D1BA /* Sources */ = {
			isa = PBXSourcesBuildPhase;
			buildActionMask = 2147483647;
			files = (
				3C8D768220B7A5960011D1BA /* ShellKitDemoTests.m in Sources */,
			);
			runOnlyForDeploymentPostprocessing = 0;
		};
		3C8D768420B7A5960011D1BA /* Sources */ = {
			isa = PBXSourcesBuildPhase;
			buildActionMask = 2147483647;
			files = (
				3C8D768D20B7A5960011D1BA /* ShellKitDemoUITests.m in Sources */,
			);
			runOnlyForDeploymentPostprocessing = 0;
		};
/* End PBXSourcesBuildPhase section */

/* Begin PBXTargetDependency section */
		3C8D767F20B7A5960011D1BA /* PBXTargetDependency */ = {
			isa = PBXTargetDependency;
			target = 3C8D766420B7A5950011D1BA /* ShellKitDemo */;
			targetProxy = 3C8D767E20B7A5960011D1BA /* PBXContainerItemProxy */;
		};
		3C8D768A20B7A5960011D1BA /* PBXTargetDependency */ = {
			isa = PBXTargetDependency;
			target = 3C8D766420B7A5950011D1BA /* ShellKitDemo */;
			targetProxy = 3C8D768920B7A5960011D1BA /* PBXContainerItemProxy */;
		};
/* End PBXTargetDependency section */

/* Begin PBXVariantGroup section */
		3C8D767320B7A5960011D1BA /* LaunchScreen.storyboard */ = {
			isa = PBXVariantGroup;
			children = (
				3C8D767420B7A5960011D1BA /* Base */,
			);
			name = LaunchScreen.storyboard;
			sourceTree = "<group>";
		};
/* End PBXVariantGroup section */

/* Begin XCBuildConfiguration section */
		3C8D768F20B7A5960011D1BA /* Debug */ = {
			isa = XCBuildConfiguration;
			buildSettings = {
				ALWAYS_SEARCH_USER_PATHS = NO;
				CLANG_ANALYZER_NONNULL = YES;
				CLANG_ANALYZER_NUMBER_OBJECT_CONVERSION = YES_AGGRESSIVE;
				CLANG_CXX_LANGUAGE_STANDARD = "gnu++14";
				CLANG_CXX_LIBRARY = "libc++";
				CLANG_ENABLE_MODULES = YES;
				CLANG_ENABLE_OBJC_ARC = YES;
				CLANG_ENABLE_OBJC_WEAK = YES;
				CLANG_WARN_BLOCK_CAPTURE_AUTORELEASING = YES;
				CLANG_WARN_BOOL_CONVERSION = YES;
				CLANG_WARN_COMMA = YES;
				CLANG_WARN_CONSTANT_CONVERSION = YES;
				CLANG_WARN_DEPRECATED_OBJC_IMPLEMENTATIONS = YES;
				CLANG_WARN_DIRECT_OBJC_ISA_USAGE = YES_ERROR;
				CLANG_WARN_DOCUMENTATION_COMMENTS = YES;
				CLANG_WARN_EMPTY_BODY = YES;
				CLANG_WARN_ENUM_CONVERSION = YES;
				CLANG_WARN_INFINITE_RECURSION = YES;
				CLANG_WARN_INT_CONVERSION = YES;
				CLANG_WARN_NON_LITERAL_NULL_CONVERSION = YES;
				CLANG_WARN_OBJC_IMPLICIT_RETAIN_SELF = YES;
				CLANG_WARN_OBJC_LITERAL_CONVERSION = YES;
				CLANG_WARN_OBJC_ROOT_CLASS = YES_ERROR;
				CLANG_WARN_RANGE_LOOP_ANALYSIS = YES;
				CLANG_WARN_STRICT_PROTOTYPES = YES;
				CLANG_WARN_SUSPICIOUS_MOVE = YES;
				CLANG_WARN_UNGUARDED_AVAILABILITY = YES_AGGRESSIVE;
				CLANG_WARN_UNREACHABLE_CODE = YES;
				CLANG_WARN__DUPLICATE_METHOD_MATCH = YES;
				CODE_SIGN_IDENTITY = "iPhone Developer";
				COPY_PHASE_STRIP = NO;
				DEBUG_INFORMATION_FORMAT = dwarf;
				ENABLE_STRICT_OBJC_MSGSEND = YES;
				ENABLE_TESTABILITY = YES;
				GCC_C_LANGUAGE_STANDARD = gnu11;
				GCC_DYNAMIC_NO_PIC = NO;
				GCC_NO_COMMON_BLOCKS = YES;
				GCC_OPTIMIZATION_LEVEL = 0;
				GCC_PREPROCESSOR_DEFINITIONS = (
					"DEBUG=1",
					"$(inherited)",
				);
				GCC_WARN_64_TO_32_BIT_CONVERSION = YES;
				GCC_WARN_ABOUT_RETURN_TYPE = YES_ERROR;
				GCC_WARN_UNDECLARED_SELECTOR = YES;
				GCC_WARN_UNINITIALIZED_AUTOS = YES_AGGRESSIVE;
				GCC_WARN_UNUSED_FUNCTION = YES;
				GCC_WARN_UNUSED_VARIABLE = YES;
				IPHONEOS_DEPLOYMENT_TARGET = 11.3;
				MTL_ENABLE_DEBUG_INFO = YES;
				ONLY_ACTIVE_ARCH = YES;
				SDKROOT = iphoneos;
			};
			name = Debug;
		};
		3C8D769020B7A5960011D1BA /* Release */ = {
			isa = XCBuildConfiguration;
			buildSettings = {
				ALWAYS_SEARCH_USER_PATHS = NO;
				CLANG_ANALYZER_NONNULL = YES;
				CLANG_ANALYZER_NUMBER_OBJECT_CONVERSION = YES_AGGRESSIVE;
				CLANG_CXX_LANGUAGE_STANDARD = "gnu++14";
				CLANG_CXX_LIBRARY = "libc++";
				CLANG_ENABLE_MODULES = YES;
				CLANG_ENABLE_OBJC_ARC = YES;
				CLANG_ENABLE_OBJC_WEAK = YES;
				CLANG_WARN_BLOCK_CAPTURE_AUTORELEASING = YES;
				CLANG_WARN_BOOL_CONVERSION = YES;
				CLANG_WARN_COMMA = YES;
				CLANG_WARN_CONSTANT_CONVERSION = YES;
				CLANG_WARN_DEPRECATED_OBJC_IMPLEMENTATIONS = YES;
				CLANG_WARN_DIRECT_OBJC_ISA_USAGE = YES_ERROR;
				CLANG_WARN_DOCUMENTATION_COMMENTS = YES;
				CLANG_WARN_EMPTY_BODY = YES;
				CLANG_WARN_ENUM_CONVERSION = YES;
				CLANG_WARN_INFINITE_RECURSION = YES;
				CLANG_WARN_INT_CONVERSION = YES;
				CLANG_WARN_NON_LITERAL_NULL_CONVERSION = YES;
				CLANG_WARN_OBJC_IMPLICIT_RETAIN_SELF = YES;
				CLANG_WARN_OBJC_LITERAL_CONVERSION = YES;
				CLANG_WARN_OBJC_ROOT_CLASS = YES_ERROR;
				CLANG_WARN_RANGE_LOOP_ANALYSIS = YES;
				CLANG_WARN_STRICT_PROTOTYPES = YES;
				CLANG_WARN_SUSPICIOUS_MOVE = YES;
				CLANG_WARN_UNGUARDED_AVAILABILITY = YES_AGGRESSIVE;
				CLANG_WARN_UNREACHABLE_CODE = YES;
				CLANG_WARN__DUPLICATE_METHOD_MATCH = YES;
				CODE_SIGN_IDENTITY = "iPhone Developer";
				COPY_PHASE_STRIP = NO;
				DEBUG_INFORMATION_FORMAT = "dwarf-with-dsym";
				ENABLE_NS_ASSERTIONS = NO;
				ENABLE_STRICT_OBJC_MSGSEND = YES;
				GCC_C_LANGUAGE_STANDARD = gnu11;
				GCC_NO_COMMON_BLOCKS = YES;
				GCC_WARN_64_TO_32_BIT_CONVERSION = YES;
				GCC_WARN_ABOUT_RETURN_TYPE = YES_ERROR;
				GCC_WARN_UNDECLARED_SELECTOR = YES;
				GCC_WARN_UNINITIALIZED_AUTOS = YES_AGGRESSIVE;
				GCC_WARN_UNUSED_FUNCTION = YES;
				GCC_WARN_UNUSED_VARIABLE = YES;
				IPHONEOS_DEPLOYMENT_TARGET = 11.3;
				MTL_ENABLE_DEBUG_INFO = NO;
				SDKROOT = iphoneos;
				VALIDATE_PRODUCT = YES;
			};
			name = Release;
		};
		3C8D769220B7A5960011D1BA /* Debug */ = {
			isa = XCBuildConfiguration;
			baseConfigurationReference = 6FDD08A76660F07E0D562014 /* Pods-ShellKitDemo.debug.xcconfig */;
			buildSettings = {
				ASSETCATALOG_COMPILER_APPICON_NAME = AppIcon;
				CODE_SIGN_STYLE = Automatic;
				DEVELOPMENT_TEAM = JLAJ9329RS;
				INFOPLIST_FILE = ShellKitDemo/Info.plist;
				IPHONEOS_DEPLOYMENT_TARGET = 9.0;
				LD_RUNPATH_SEARCH_PATHS = (
					"$(inherited)",
					"@executable_path/Frameworks",
				);
				PRODUCT_BUNDLE_IDENTIFIER = gumi.ShellKitDemo;
				PRODUCT_NAME = "$(TARGET_NAME)";
				TARGETED_DEVICE_FAMILY = "1,2";
			};
			name = Debug;
		};
		3C8D769320B7A5960011D1BA /* Release */ = {
			isa = XCBuildConfiguration;
			baseConfigurationReference = FD3ED16284D6E3ABD5E1F198 /* Pods-ShellKitDemo.release.xcconfig */;
			buildSettings = {
				ASSETCATALOG_COMPILER_APPICON_NAME = AppIcon;
				CODE_SIGN_STYLE = Automatic;
				DEVELOPMENT_TEAM = JLAJ9329RS;
				INFOPLIST_FILE = ShellKitDemo/Info.plist;
				IPHONEOS_DEPLOYMENT_TARGET = 9.0;
				LD_RUNPATH_SEARCH_PATHS = (
					"$(inherited)",
					"@executable_path/Frameworks",
				);
				PRODUCT_BUNDLE_IDENTIFIER = gumi.ShellKitDemo;
				PRODUCT_NAME = "$(TARGET_NAME)";
				TARGETED_DEVICE_FAMILY = "1,2";
			};
			name = Release;
		};
		3C8D769520B7A5960011D1BA /* Debug */ = {
			isa = XCBuildConfiguration;
			buildSettings = {
				BUNDLE_LOADER = "$(TEST_HOST)";
				CODE_SIGN_STYLE = Automatic;
				DEVELOPMENT_TEAM = PC4839NV3U;
				INFOPLIST_FILE = ShellKitDemoTests/Info.plist;
				LD_RUNPATH_SEARCH_PATHS = (
					"$(inherited)",
					"@executable_path/Frameworks",
					"@loader_path/Frameworks",
				);
				PRODUCT_BUNDLE_IDENTIFIER = gumi.ShellKitDemoTests;
				PRODUCT_NAME = "$(TARGET_NAME)";
				TARGETED_DEVICE_FAMILY = "1,2";
				TEST_HOST = "$(BUILT_PRODUCTS_DIR)/ShellKitDemo.app/ShellKitDemo";
			};
			name = Debug;
		};
		3C8D769620B7A5960011D1BA /* Release */ = {
			isa = XCBuildConfiguration;
			buildSettings = {
				BUNDLE_LOADER = "$(TEST_HOST)";
				CODE_SIGN_STYLE = Automatic;
				DEVELOPMENT_TEAM = PC4839NV3U;
				INFOPLIST_FILE = ShellKitDemoTests/Info.plist;
				LD_RUNPATH_SEARCH_PATHS = (
					"$(inherited)",
					"@executable_path/Frameworks",
					"@loader_path/Frameworks",
				);
				PRODUCT_BUNDLE_IDENTIFIER = gumi.ShellKitDemoTests;
				PRODUCT_NAME = "$(TARGET_NAME)";
				TARGETED_DEVICE_FAMILY = "1,2";
				TEST_HOST = "$(BUILT_PRODUCTS_DIR)/ShellKitDemo.app/ShellKitDemo";
			};
			name = Release;
		};
		3C8D769820B7A5960011D1BA /* Debug */ = {
			isa = XCBuildConfiguration;
			buildSettings = {
				CODE_SIGN_STYLE = Automatic;
				DEVELOPMENT_TEAM = PC4839NV3U;
				INFOPLIST_FILE = ShellKitDemoUITests/Info.plist;
				LD_RUNPATH_SEARCH_PATHS = (
					"$(inherited)",
					"@executable_path/Frameworks",
					"@loader_path/Frameworks",
				);
				PRODUCT_BUNDLE_IDENTIFIER = gumi.ShellKitDemoUITests;
				PRODUCT_NAME = "$(TARGET_NAME)";
				TARGETED_DEVICE_FAMILY = "1,2";
				TEST_TARGET_NAME = ShellKitDemo;
			};
			name = Debug;
		};
		3C8D769920B7A5960011D1BA /* Release */ = {
			isa = XCBuildConfiguration;
			buildSettings = {
				CODE_SIGN_STYLE = Automatic;
				DEVELOPMENT_TEAM = PC4839NV3U;
				INFOPLIST_FILE = ShellKitDemoUITests/Info.plist;
				LD_RUNPATH_SEARCH_PATHS = (
					"$(inherited)",
					"@executable_path/Frameworks",
					"@loader_path/Frameworks",
				);
				PRODUCT_BUNDLE_IDENTIFIER = gumi.ShellKitDemoUITests;
				PRODUCT_NAME = "$(TARGET_NAME)";
				TARGETED_DEVICE_FAMILY = "1,2";
				TEST_TARGET_NAME = ShellKitDemo;
			};
			name = Release;
		};
/* End XCBuildConfiguration section */

/* Begin XCConfigurationList section */
		3C8D766020B7A5950011D1BA /* Build configuration list for PBXProject "ShellKitDemo" */ = {
			isa = XCConfigurationList;
			buildConfigurations = (
				3C8D768F20B7A5960011D1BA /* Debug */,
				3C8D769020B7A5960011D1BA /* Release */,
			);
			defaultConfigurationIsVisible = 0;
			defaultConfigurationName = Release;
		};
		3C8D769120B7A5960011D1BA /* Build configuration list for PBXNativeTarget "ShellKitDemo" */ = {
			isa = XCConfigurationList;
			buildConfigurations = (
				3C8D769220B7A5960011D1BA /* Debug */,
				3C8D769320B7A5960011D1BA /* Release */,
			);
			defaultConfigurationIsVisible = 0;
			defaultConfigurationName = Release;
		};
		3C8D769420B7A5960011D1BA /* Build configuration list for PBXNativeTarget "ShellKitDemoTests" */ = {
			isa = XCConfigurationList;
			buildConfigurations = (
				3C8D769520B7A5960011D1BA /* Debug */,
				3C8D769620B7A5960011D1BA /* Release */,
			);
			defaultConfigurationIsVisible = 0;
			defaultConfigurationName = Release;
		};
		3C8D769720B7A5960011D1BA /* Build configuration list for PBXNativeTarget "ShellKitDemoUITests" */ = {
			isa = XCConfigurationList;
			buildConfigurations = (
				3C8D769820B7A5960011D1BA /* Debug */,
				3C8D769920B7A5960011D1BA /* Release */,
			);
			defaultConfigurationIsVisible = 0;
			defaultConfigurationName = Release;
		};
/* End XCConfigurationList section */
	};
	rootObject = 3C8D765D20B7A5950011D1BA /* Project object */;
}
